# This file is autogenerated, do not edit; changes may be undone by the next 'dep ensure'.


[[projects]]
  digest = "1:ddaeea4ba16546053455f7139c27b9efe16a6a739353043cc2af76a9437d73b2"
  name = "github.com/Pallinder/go-randomdata"
  packages = ["."]
  pruneopts = "UT"
  revision = "97a2356fcab20708fb8ae46cbbf69a5bc9feca63"
  version = "v1.1.0"

[solve-meta]
  analyzer-name = "dep"
  analyzer-version = 1
  input-imports = ["github.com/Pallinder/go-randomdata"]
  solver-name = "gps-cdcl"
  solver-version = 1
